
Microsoft Visual Studio Solution File, Format Version 12.00
# Visual Studio 15
VisualStudioVersion = 15.0.28010.2050
MinimumVisualStudioVersion = 10.0.40219.1
Project("{FAE04EC0-301F-11D3-BF4B-00C04F79EFBC}") = "Task1.CustomSort", "Task1.CustomSort\Task1.CustomSort.csproj", "{4FF264C6-566F-4B0E-A9E1-BECEDA0BD9B6}"
EndProject
Project("{FAE04EC0-301F-11D3-BF4B-00C04F79EFBC}") = "Task2.CustomSortDemo", "Task2.CustomSortDemo\Task2.CustomSortDemo.csproj", "{63548222-AD06-4DA1-BDF5-A82EC49D8EFD}"
EndProject
Global
	GlobalSection(SolutionConfigurationPlatforms) = preSolution
		Debug|Any CPU = Debug|Any CPU
		Release|Any CPU = Release|Any CPU
	EndGlobalSection
	GlobalSection(ProjectConfigurationPlatforms) = postSolution
		{4FF264C6-566F-4B0E-A9E1-BECEDA0BD9B6}.Debug|Any CPU.ActiveCfg = Debug|Any CPU
		{4FF264C6-566F-4B0E-A9E1-BECEDA0BD9B6}.Debug|Any CPU.Build.0 = Debug|Any CPU
		{4FF264C6-566F-4B0E-A9E1-BECEDA0BD9B6}.Release|Any CPU.ActiveCfg = Release|Any CPU
		{4FF264C6-566F-4B0E-A9E1-BECEDA0BD9B6}.Release|Any CPU.Build.0 = Release|Any CPU
		{63548222-AD06-4DA1-BDF5-A82EC49D8EFD}.Debug|Any CPU.ActiveCfg = Debug|Any CPU
		{63548222-AD06-4DA1-BDF5-A82EC49D8EFD}.Debug|Any CPU.Build.0 = Debug|Any CPU
		{63548222-AD06-4DA1-BDF5-A82EC49D8EFD}.Release|Any CPU.ActiveCfg = Release|Any CPU
		{63548222-AD06-4DA1-BDF5-A82EC49D8EFD}.Release|Any CPU.Build.0 = Release|Any CPU
	EndGlobalSection
	GlobalSection(SolutionProperties) = preSolution
		HideSolutionNode = FALSE
	EndGlobalSection
	GlobalSection(ExtensibilityGlobals) = postSolution
		SolutionGuid = {F47379D4-372C-41CF-BBBA-2B7AF38A7A7F}
	EndGlobalSection
EndGlobal
