
Microsoft Visual Studio Solution File, Format Version 12.00
# Visual Studio 15
VisualStudioVersion = 15.0.26730.3
MinimumVisualStudioVersion = 10.0.40219.1
Project("{FAE04EC0-301F-11D3-BF4B-00C04F79EFBC}") = "Epam.StudentPractice.Task1.Sequence", "Epam.StudentPractice.Task1.Sequence\Epam.StudentPractice.Task1.Sequence.csproj", "{07038713-4977-49EF-BD6D-B3CF08F01D70}"
EndProject
Project("{FAE04EC0-301F-11D3-BF4B-00C04F79EFBC}") = "Epam.StudentPractice.Task2.CheckSimplicity", "Epam.StudentPractice.Task2.CheckSimplicity\Epam.StudentPractice.Task2.CheckSimplicity.csproj", "{AA46B2D3-F6B3-4060-94CC-8968C79A0868}"
EndProject
Project("{FAE04EC0-301F-11D3-BF4B-00C04F79EFBC}") = "Epam.StudentPractice.Task3.DrawSquare", "Epam.StudentPractice.Task3.DrawSquare\Epam.StudentPractice.Task3.DrawSquare.csproj", "{673304DB-7A00-4194-A8DB-59C1E4793FB7}"
EndProject
Global
	GlobalSection(SolutionConfigurationPlatforms) = preSolution
		Debug|Any CPU = Debug|Any CPU
		Release|Any CPU = Release|Any CPU
	EndGlobalSection
	GlobalSection(ProjectConfigurationPlatforms) = postSolution
		{07038713-4977-49EF-BD6D-B3CF08F01D70}.Debug|Any CPU.ActiveCfg = Debug|Any CPU
		{07038713-4977-49EF-BD6D-B3CF08F01D70}.Debug|Any CPU.Build.0 = Debug|Any CPU
		{07038713-4977-49EF-BD6D-B3CF08F01D70}.Release|Any CPU.ActiveCfg = Release|Any CPU
		{07038713-4977-49EF-BD6D-B3CF08F01D70}.Release|Any CPU.Build.0 = Release|Any CPU
		{AA46B2D3-F6B3-4060-94CC-8968C79A0868}.Debug|Any CPU.ActiveCfg = Debug|Any CPU
		{AA46B2D3-F6B3-4060-94CC-8968C79A0868}.Debug|Any CPU.Build.0 = Debug|Any CPU
		{AA46B2D3-F6B3-4060-94CC-8968C79A0868}.Release|Any CPU.ActiveCfg = Release|Any CPU
		{AA46B2D3-F6B3-4060-94CC-8968C79A0868}.Release|Any CPU.Build.0 = Release|Any CPU
		{673304DB-7A00-4194-A8DB-59C1E4793FB7}.Debug|Any CPU.ActiveCfg = Debug|Any CPU
		{673304DB-7A00-4194-A8DB-59C1E4793FB7}.Debug|Any CPU.Build.0 = Debug|Any CPU
		{673304DB-7A00-4194-A8DB-59C1E4793FB7}.Release|Any CPU.ActiveCfg = Release|Any CPU
		{673304DB-7A00-4194-A8DB-59C1E4793FB7}.Release|Any CPU.Build.0 = Release|Any CPU
	EndGlobalSection
	GlobalSection(SolutionProperties) = preSolution
		HideSolutionNode = FALSE
	EndGlobalSection
	GlobalSection(ExtensibilityGlobals) = postSolution
		SolutionGuid = {83EE6BD6-078C-4064-B9BE-3CAEE255BB36}
	EndGlobalSection
EndGlobal
