
Microsoft Visual Studio Solution File, Format Version 12.00
# Visual Studio 15
VisualStudioVersion = 15.0.28010.2050
MinimumVisualStudioVersion = 10.0.40219.1
Project("{FAE04EC0-301F-11D3-BF4B-00C04F79EFBC}") = "Task1.Lost", "Task1.Lost\Task1.Lost.csproj", "{25169FBF-FCF5-4F4E-A4C6-0E65394A4B97}"
EndProject
Project("{FAE04EC0-301F-11D3-BF4B-00C04F79EFBC}") = "Task2.WordFrequency", "Task2.Word Frequency\Task2.WordFrequency.csproj", "{026F0E09-D227-4565-B3F1-047539DA34B2}"
EndProject
Project("{FAE04EC0-301F-11D3-BF4B-00C04F79EFBC}") = "Task3.DynamicArray", "Task3.DynamicArray\Task3.DynamicArray.csproj", "{B8CC12D6-483A-40A3-98F7-E2D5EB5193C8}"
EndProject
Project("{FAE04EC0-301F-11D3-BF4B-00C04F79EFBC}") = "Task4.DynamicArrayHardcoremode", "Task4.DynamicArrayHardcoremode\Task4.DynamicArrayHardcoremode.csproj", "{566C60EF-A047-4170-8674-18A95CD82499}"
EndProject
Global
	GlobalSection(SolutionConfigurationPlatforms) = preSolution
		Debug|Any CPU = Debug|Any CPU
		Release|Any CPU = Release|Any CPU
	EndGlobalSection
	GlobalSection(ProjectConfigurationPlatforms) = postSolution
		{25169FBF-FCF5-4F4E-A4C6-0E65394A4B97}.Debug|Any CPU.ActiveCfg = Debug|Any CPU
		{25169FBF-FCF5-4F4E-A4C6-0E65394A4B97}.Debug|Any CPU.Build.0 = Debug|Any CPU
		{25169FBF-FCF5-4F4E-A4C6-0E65394A4B97}.Release|Any CPU.ActiveCfg = Release|Any CPU
		{25169FBF-FCF5-4F4E-A4C6-0E65394A4B97}.Release|Any CPU.Build.0 = Release|Any CPU
		{026F0E09-D227-4565-B3F1-047539DA34B2}.Debug|Any CPU.ActiveCfg = Debug|Any CPU
		{026F0E09-D227-4565-B3F1-047539DA34B2}.Debug|Any CPU.Build.0 = Debug|Any CPU
		{026F0E09-D227-4565-B3F1-047539DA34B2}.Release|Any CPU.ActiveCfg = Release|Any CPU
		{026F0E09-D227-4565-B3F1-047539DA34B2}.Release|Any CPU.Build.0 = Release|Any CPU
		{B8CC12D6-483A-40A3-98F7-E2D5EB5193C8}.Debug|Any CPU.ActiveCfg = Debug|Any CPU
		{B8CC12D6-483A-40A3-98F7-E2D5EB5193C8}.Debug|Any CPU.Build.0 = Debug|Any CPU
		{B8CC12D6-483A-40A3-98F7-E2D5EB5193C8}.Release|Any CPU.ActiveCfg = Release|Any CPU
		{B8CC12D6-483A-40A3-98F7-E2D5EB5193C8}.Release|Any CPU.Build.0 = Release|Any CPU
		{566C60EF-A047-4170-8674-18A95CD82499}.Debug|Any CPU.ActiveCfg = Debug|Any CPU
		{566C60EF-A047-4170-8674-18A95CD82499}.Debug|Any CPU.Build.0 = Debug|Any CPU
		{566C60EF-A047-4170-8674-18A95CD82499}.Release|Any CPU.ActiveCfg = Release|Any CPU
		{566C60EF-A047-4170-8674-18A95CD82499}.Release|Any CPU.Build.0 = Release|Any CPU
	EndGlobalSection
	GlobalSection(SolutionProperties) = preSolution
		HideSolutionNode = FALSE
	EndGlobalSection
	GlobalSection(ExtensibilityGlobals) = postSolution
		SolutionGuid = {3F5C7A65-0D3B-418C-82CA-FDC165F24730}
	EndGlobalSection
EndGlobal
